{
  "pins" : [
    {
      "identity" : "alamofire",
      "kind" : "remoteSourceControl",
      "location" : "https://github.com/Alamofire/Alamofire.git",
      "state" : {
        "revision" : "354dda32d89fc8cd4f5c46487f64957d355f53d8",
        "version" : "5.6.1"
      }
    },
    {
      "identity" : "partialsheet",
      "kind" : "remoteSourceControl",
      "location" : "https://github.com/AndreaMiotto/PartialSheet",
      "state" : {
        "revision" : "318f18bfabd2b2ddf785babd2e53bd593c00a254",
        "version" : "3.1.0"
      }
    },
    {
      "identity" : "swiftpiechart",
      "kind" : "remoteSourceControl",
      "location" : "https://github.com/ilamanov/SwiftPieChart.git",
      "state" : {
        "revision" : "e6f67120c55e7402f67f3463994105ff6cfbcd10",
        "version" : "1.0.61"
      }
    },
    {
      "identity" : "swiftsunburstdiagram",
      "kind" : "remoteSourceControl",
      "location" : "https://github.com/lludo/SwiftSunburstDiagram.git",
      "state" : {
        "revision" : "23ac804b97642ca288d5cdd0c0cc339e2d9353ec",
        "version" : "1.1.0"
      }
    },
    {
      "identity" : "swiftyjson",
      "kind" : "remoteSourceControl",
      "location" : "https://github.com/SwiftyJSON/SwiftyJSON.git",
      "state" : {
        "revision" : "2b6054efa051565954e1d2b9da831680026cd768",
        "version" : "4.3.0"
      }
    }
  ],
  "version" : 2
}
